
Microsoft Visual Studio Solution File, Format Version 12.00
# Visual Studio Version 16
VisualStudioVersion = 16.0.29613.14
MinimumVisualStudioVersion = 10.0.40219.1
Project("{FAE04EC0-301F-11D3-BF4B-00C04F79EFBC}") = "GenerateDocumentation", "GenerateDocumentation\GenerateDocumentation.csproj", "{A8092A62-6655-4C93-8F59-F3E7C9B6C8DF}"
EndProject
Global
	GlobalSection(SolutionConfigurationPlatforms) = preSolution
		Debug|Any CPU = Debug|Any CPU
		Release|Any CPU = Release|Any CPU
	EndGlobalSection
	GlobalSection(ProjectConfigurationPlatforms) = postSolution
		{A8092A62-6655-4C93-8F59-F3E7C9B6C8DF}.Debug|Any CPU.ActiveCfg = Debug|Any CPU
		{A8092A62-6655-4C93-8F59-F3E7C9B6C8DF}.Debug|Any CPU.Build.0 = Debug|Any CPU
		{A8092A62-6655-4C93-8F59-F3E7C9B6C8DF}.Release|Any CPU.ActiveCfg = Release|Any CPU
		{A8092A62-6655-4C93-8F59-F3E7C9B6C8DF}.Release|Any CPU.Build.0 = Release|Any CPU
	EndGlobalSection
	GlobalSection(SolutionProperties) = preSolution
		HideSolutionNode = FALSE
	EndGlobalSection
	GlobalSection(ExtensibilityGlobals) = postSolution
		SolutionGuid = {10ABAEC7-7432-463C-B264-EE36E65B0EF2}
	EndGlobalSection
EndGlobal
